<?xml version="1.0" encoding="utf-8"?>
<Project ToolsVersion="4.0" xmlns="http://schemas.microsoft.com/developer/msbuild/2003">
  <ItemGroup>
    <Filter Include="Source Files">
      <UniqueIdentifier>{4FC737F1-C7A5-4376-A066-2A32D752A2FF}</UniqueIdentifier>
      <Extensions>cpp;c;cc;cxx;def;odl;idl;hpj;bat;asm;asmx</Extensions>
    </Filter>
    <Filter Include="Header Files">
      <UniqueIdentifier>{93995380-89BD-4b04-88EB-625FBE52EBFB}</UniqueIdentifier>
      <Extensions>h;hh;hpp;hxx;hm;inl;inc;ipp;xsd</Extensions>
    </Filter>
    <Filter Include="Resource Files">
      <UniqueIdentifier>{67DA6AB6-F800-4c08-8B7A-83BB121AAD01}</UniqueIdentifier>
      <Extensions>rc;ico;cur;bmp;dlg;rc2;rct;bin;rgs;gif;jpg;jpeg;jpe;resx;tiff;tif;png;wav;mfcribbon-ms</Extensions>
    </Filter>
    <Filter Include="src">
      <UniqueIdentifier>{67b732c1-b652-4393-b74b-d4836b3df718}</UniqueIdentifier>
    </Filter>
    <Filter Include="src\CGI">
      <UniqueIdentifier>{8cd5524f-64b4-4674-ae77-6a7cf86b4449}</UniqueIdentifier>
    </Filter>
  </ItemGroup>
  <ItemGroup>
    <ClInclude Include="src\stdafx.h">
      <Filter>src</Filter>
    </ClInclude>
    <ClInclude Include="src\CGI\CGI.h">
      <Filter>src\CGI</Filter>
    </ClInclude>
    <ClInclude Include="src\CGI\RendererD3D12.h">
      <Filter>src\CGI</Filter>
    </ClInclude>
    <ClInclude Include="src\CGI\CommandBufferD3D12.h">
      <Filter>src\CGI</Filter>
    </ClInclude>
    <ClInclude Include="src\CGI\GeometryD3D12.h">
      <Filter>src\CGI</Filter>
    </ClInclude>
    <ClInclude Include="src\CGI\PipelineD3D12.h">
      <Filter>src\CGI</Filter>
    </ClInclude>
    <ClInclude Include="src\CGI\ShaderD3D12.h">
      <Filter>src\CGI</Filter>
    </ClInclude>
    <ClInclude Include="src\CGI\Native.h">
      <Filter>src\CGI</Filter>
    </ClInclude>
    <ClInclude Include="src\CGI\TextureD3D12.h">
      <Filter>src\CGI</Filter>
    </ClInclude>
  </ItemGroup>
  <ItemGroup>
    <ClCompile Include="src\main.cpp">
      <Filter>src</Filter>
    </ClCompile>
    <ClCompile Include="src\stdafx.cpp">
      <Filter>src</Filter>
    </ClCompile>
    <ClCompile Include="src\CGI\RendererD3D12.cpp">
      <Filter>src\CGI</Filter>
    </ClCompile>
    <ClCompile Include="src\CGI\CommandBufferD3D12.cpp">
      <Filter>src\CGI</Filter>
    </ClCompile>
    <ClCompile Include="src\CGI\GeometryD3D12.cpp">
      <Filter>src\CGI</Filter>
    </ClCompile>
    <ClCompile Include="src\CGI\PipelineD3D12.cpp">
      <Filter>src\CGI</Filter>
    </ClCompile>
    <ClCompile Include="src\CGI\ShaderD3D12.cpp">
      <Filter>src\CGI</Filter>
    </ClCompile>
    <ClCompile Include="src\CGI\Native.cpp">
      <Filter>src\CGI</Filter>
    </ClCompile>
    <ClCompile Include="src\CGI\TextureD3D12.cpp">
      <Filter>src\CGI</Filter>
    </ClCompile>
  </ItemGroup>
</Project>