<?xml version="1.0" encoding="utf-8"?>
<Project ToolsVersion="4.0" xmlns="http://schemas.microsoft.com/developer/msbuild/2003">
  <ItemGroup>
    <Filter Include="Source Files">
      <UniqueIdentifier>{4FC737F1-C7A5-4376-A066-2A32D752A2FF}</UniqueIdentifier>
      <Extensions>cpp;c;cc;cxx;def;odl;idl;hpj;bat;asm;asmx</Extensions>
    </Filter>
    <Filter Include="Header Files">
      <UniqueIdentifier>{93995380-89BD-4b04-88EB-625FBE52EBFB}</UniqueIdentifier>
      <Extensions>h;hh;hpp;hxx;hm;inl;inc;ipp;xsd</Extensions>
    </Filter>
    <Filter Include="Resource Files">
      <UniqueIdentifier>{67DA6AB6-F800-4c08-8B7A-83BB121AAD01}</UniqueIdentifier>
      <Extensions>rc;ico;cur;bmp;dlg;rc2;rct;bin;rgs;gif;jpg;jpeg;jpe;resx;tiff;tif;png;wav;mfcribbon-ms</Extensions>
    </Filter>
    <Filter Include="src">
      <UniqueIdentifier>{836b7e96-dc7f-4278-832a-6305a03b69e4}</UniqueIdentifier>
    </Filter>
    <Filter Include="src\CGI">
      <UniqueIdentifier>{4abdc4ba-6c11-4cdc-b578-2101f063b0c6}</UniqueIdentifier>
    </Filter>
    <Filter Include="src\ThirdParty">
      <UniqueIdentifier>{8e3978a6-661c-4255-af52-d49e598d7f91}</UniqueIdentifier>
    </Filter>
    <Filter Include="src\ThirdParty\imgui">
      <UniqueIdentifier>{cde4ae25-f9c6-40d5-8841-a4ac5a94286a}</UniqueIdentifier>
    </Filter>
  </ItemGroup>
  <ItemGroup>
    <ClInclude Include="src\stdafx.h">
      <Filter>src</Filter>
    </ClInclude>
    <ClInclude Include="src\CGI\CGI.h">
      <Filter>src\CGI</Filter>
    </ClInclude>
    <ClInclude Include="src\CGI\RendererVulkan.h">
      <Filter>src\CGI</Filter>
    </ClInclude>
    <ClInclude Include="src\CGI\CommandBufferVulkan.h">
      <Filter>src\CGI</Filter>
    </ClInclude>
    <ClInclude Include="src\CGI\GeometryVulkan.h">
      <Filter>src\CGI</Filter>
    </ClInclude>
    <ClInclude Include="src\CGI\PipelineVulkan.h">
      <Filter>src\CGI</Filter>
    </ClInclude>
    <ClInclude Include="src\CGI\ShaderVulkan.h">
      <Filter>src\CGI</Filter>
    </ClInclude>
    <ClInclude Include="src\CGI\Native.h">
      <Filter>src\CGI</Filter>
    </ClInclude>
    <ClInclude Include="src\CGI\TextureVulkan.h">
      <Filter>src\CGI</Filter>
    </ClInclude>
    <ClInclude Include="src\ThirdParty\vk_mem_alloc.h">
      <Filter>src\ThirdParty</Filter>
    </ClInclude>
    <ClInclude Include="src\ThirdParty\imgui\imgui_impl_vulkan.h">
      <Filter>src\ThirdParty\imgui</Filter>
    </ClInclude>
  </ItemGroup>
  <ItemGroup>
    <ClCompile Include="src\main.cpp">
      <Filter>src</Filter>
    </ClCompile>
    <ClCompile Include="src\stdafx.cpp">
      <Filter>src</Filter>
    </ClCompile>
    <ClCompile Include="src\CGI\RendererVulkan.cpp">
      <Filter>src\CGI</Filter>
    </ClCompile>
    <ClCompile Include="src\CGI\CommandBufferVulkan.cpp">
      <Filter>src\CGI</Filter>
    </ClCompile>
    <ClCompile Include="src\CGI\GeometryVulkan.cpp">
      <Filter>src\CGI</Filter>
    </ClCompile>
    <ClCompile Include="src\CGI\PipelineVulkan.cpp">
      <Filter>src\CGI</Filter>
    </ClCompile>
    <ClCompile Include="src\CGI\ShaderVulkan.cpp">
      <Filter>src\CGI</Filter>
    </ClCompile>
    <ClCompile Include="src\CGI\Native.cpp">
      <Filter>src\CGI</Filter>
    </ClCompile>
    <ClCompile Include="src\CGI\TextureVulkan.cpp">
      <Filter>src\CGI</Filter>
    </ClCompile>
    <ClCompile Include="src\ThirdParty\vk_mem_alloc.cpp">
      <Filter>src\ThirdParty</Filter>
    </ClCompile>
    <ClCompile Include="src\ThirdParty\imgui\imgui_impl_vulkan.cpp">
      <Filter>src\ThirdParty\imgui</Filter>
    </ClCompile>
  </ItemGroup>
  <ItemGroup>
    <Natvis Include="src\ThirdParty\vk_mem_alloc.natvis">
      <Filter>src\ThirdParty</Filter>
    </Natvis>
  </ItemGroup>
</Project>